
Microsoft Visual Studio Solution File, Format Version 12.00
# Visual Studio Version 17
VisualStudioVersion = 17.1.32328.378
MinimumVisualStudioVersion = 10.0.40219.1
Project("{9A19103F-16F7-4668-BE54-9A1E7A4F7556}") = "Publisher", "Publisher\Publisher.csproj", "{4DC9B6DB-90AA-497B-A98C-E923EC3064CC}"
EndProject
Project("{9A19103F-16F7-4668-BE54-9A1E7A4F7556}") = "Common", "Common\Common.csproj", "{16A663EC-B5EA-498A-9D32-595C03D87E00}"
EndProject
Project("{9A19103F-16F7-4668-BE54-9A1E7A4F7556}") = "Broker", "Broker\Broker.csproj", "{CAB9388E-34D1-45C1-A93C-0846A9A8492E}"
EndProject
Project("{FAE04EC0-301F-11D3-BF4B-00C04F79EFBC}") = "Subscriber", "Subscriber\Subscriber.csproj", "{AD84661C-6A71-4706-8CA2-DF2F85C63F5B}"
EndProject
Global
	GlobalSection(SolutionConfigurationPlatforms) = preSolution
		Debug|Any CPU = Debug|Any CPU
		Release|Any CPU = Release|Any CPU
	EndGlobalSection
	GlobalSection(ProjectConfigurationPlatforms) = postSolution
		{4DC9B6DB-90AA-497B-A98C-E923EC3064CC}.Debug|Any CPU.ActiveCfg = Debug|Any CPU
		{4DC9B6DB-90AA-497B-A98C-E923EC3064CC}.Debug|Any CPU.Build.0 = Debug|Any CPU
		{4DC9B6DB-90AA-497B-A98C-E923EC3064CC}.Release|Any CPU.ActiveCfg = Release|Any CPU
		{4DC9B6DB-90AA-497B-A98C-E923EC3064CC}.Release|Any CPU.Build.0 = Release|Any CPU
		{16A663EC-B5EA-498A-9D32-595C03D87E00}.Debug|Any CPU.ActiveCfg = Debug|Any CPU
		{16A663EC-B5EA-498A-9D32-595C03D87E00}.Debug|Any CPU.Build.0 = Debug|Any CPU
		{16A663EC-B5EA-498A-9D32-595C03D87E00}.Release|Any CPU.ActiveCfg = Release|Any CPU
		{16A663EC-B5EA-498A-9D32-595C03D87E00}.Release|Any CPU.Build.0 = Release|Any CPU
		{CAB9388E-34D1-45C1-A93C-0846A9A8492E}.Debug|Any CPU.ActiveCfg = Debug|Any CPU
		{CAB9388E-34D1-45C1-A93C-0846A9A8492E}.Debug|Any CPU.Build.0 = Debug|Any CPU
		{CAB9388E-34D1-45C1-A93C-0846A9A8492E}.Release|Any CPU.ActiveCfg = Release|Any CPU
		{CAB9388E-34D1-45C1-A93C-0846A9A8492E}.Release|Any CPU.Build.0 = Release|Any CPU
		{AD84661C-6A71-4706-8CA2-DF2F85C63F5B}.Debug|Any CPU.ActiveCfg = Debug|Any CPU
		{AD84661C-6A71-4706-8CA2-DF2F85C63F5B}.Debug|Any CPU.Build.0 = Debug|Any CPU
		{AD84661C-6A71-4706-8CA2-DF2F85C63F5B}.Release|Any CPU.ActiveCfg = Release|Any CPU
		{AD84661C-6A71-4706-8CA2-DF2F85C63F5B}.Release|Any CPU.Build.0 = Release|Any CPU
	EndGlobalSection
	GlobalSection(SolutionProperties) = preSolution
		HideSolutionNode = FALSE
	EndGlobalSection
	GlobalSection(ExtensibilityGlobals) = postSolution
		SolutionGuid = {E3A4B4E3-BD5D-4A97-BDBA-A3ADE501F109}
	EndGlobalSection
EndGlobal
